// !$*UTF8*$!
{
	archiveVersion = 1;
	classes = {
	};
	objectVersion = 77;
	objects = {

/* Begin PBXBuildFile section */
		4B572DDD2F8DE16F002AACE4 /* Auth in Frameworks */ = {isa = PBXBuildFile; productRef = 4B572DDC2F8DE16F002AACE4 /* Auth */; };
		4B572DDF2F8DE16F002AACE4 /* Functions in Frameworks */ = {isa = PBXBuildFile; productRef = 4B572DDE2F8DE16F002AACE4 /* Functions */; };
		4B572DE12F8DE16F002AACE4 /* PostgREST in Frameworks */ = {isa = PBXBuildFile; productRef = 4B572DE02F8DE16F002AACE4 /* PostgREST */; };
		4B572DE32F8DE16F002AACE4 /* Realtime in Frameworks */ = {isa = PBXBuildFile; productRef = 4B572DE22F8DE16F002AACE4 /* Realtime */; };
		4B572DE52F8DE16F002AACE4 /* Storage in Frameworks */ = {isa = PBXBuildFile; productRef = 4B572DE42F8DE16F002AACE4 /* Storage */; };
		4B572DE72F8DE16F002AACE4 /* Supabase in Frameworks */ = {isa = PBXBuildFile; productRef = 4B572DE62F8DE16F002AACE4 /* Supabase */; };
		4B572DF12F8DE403002AACE4 /* Config.xcconfig in Resources */ = {isa = PBXBuildFile; fileRef = 4B572DF02F8DE403002AACE4 /* Config.xcconfig */; };
/* End PBXBuildFile section */

/* Begin PBXFileReference section */
		4B3CB5AA2F85D5770071C3DC /* ios-spatial-wearable.app */ = {isa = PBXFileReference; explicitFileType = wrapper.application; includeInIndex = 0; path = "ios-spatial-wearable.app"; sourceTree = BUILT_PRODUCTS_DIR; };
		4B572DF02F8DE403002AACE4 /* Config.xcconfig */ = {isa = PBXFileReference; lastKnownFileType = text.xcconfig; path = Config.xcconfig; sourceTree = "<group>"; };
/* End PBXFileReference section */

/* Begin PBXFileSystemSynchronizedBuildFileExceptionSet section */
		4B572DD52F8DDED6002AACE4 /* Exceptions for "ios-spatial-wearable" folder in "ios-spatial-wearable" target */ = {
			isa = PBXFileSystemSynchronizedBuildFileExceptionSet;
			membershipExceptions = (
				DashboardView.swift,
				Info.plist,
			);
			target = 4B3CB5A92F85D5770071C3DC /* ios-spatial-wearable */;
		};
/* End PBXFileSystemSynchronizedBuildFileExceptionSet section */

/* Begin PBXFileSystemSynchronizedRootGroup section */
		4B3CB5AC2F85D5770071C3DC /* ios-spatial-wearable */ = {
			isa = PBXFileSystemSynchronizedRootGroup;
			exceptions = (
				4B572DD52F8DDED6002AACE4 /* Exceptions for "ios-spatial-wearable" folder in "ios-spatial-wearable" target */,
			);
			path = "ios-spatial-wearable";
			sourceTree = "<group>";
		};
/* End PBXFileSystemSynchronizedRootGroup section */

/* Begin PBXFrameworksBuildPhase section */
		4B3CB5A72F85D5770071C3DC /* Frameworks */ = {
			isa = PBXFrameworksBuildPhase;
			buildActionMask = 2147483647;
			files = (
				4B572DE12F8DE16F002AACE4 /* PostgREST in Frameworks */,
				4B572DDF2F8DE16F002AACE4 /* Functions in Frameworks */,
				4B572DE72F8DE16F002AACE4 /* Supabase in Frameworks */,
				4B572DDD2F8DE16F002AACE4 /* Auth in Frameworks */,
				4B572DE52F8DE16F002AACE4 /* Storage in Frameworks */,
				4B572DE32F8DE16F002AACE4 /* Realtime in Frameworks */,
			);
			runOnlyForDeploymentPostprocessing = 0;
		};
/* End PBXFrameworksBuildPhase section */

/* Begin PBXGroup section */
		4B3CB5A12F85D5770071C3DC = {
			isa = PBXGroup;
			children = (
				4B3CB5AC2F85D5770071C3DC /* ios-spatial-wearable */,
				4B572DDB2F8DE16F002AACE4 /* Frameworks */,
				4B3CB5AB2F85D5770071C3DC /* Products */,
				4B572DF02F8DE403002AACE4 /* Config.xcconfig */,
			);
			sourceTree = "<group>";
		};
		4B3CB5AB2F85D5770071C3DC /* Products */ = {
			isa = PBXGroup;
			children = (
				4B3CB5AA2F85D5770071C3DC /* ios-spatial-wearable.app */,
			);
			name = Products;
			sourceTree = "<group>";
		};
		4B572DDB2F8DE16F002AACE4 /* Frameworks */ = {
			isa = PBXGroup;
			children = (
			);
			name = Frameworks;
			sourceTree = "<group>";
		};
/* End PBXGroup section */

/* Begin PBXNativeTarget section */
		4B3CB5A92F85D5770071C3DC /* ios-spatial-wearable */ = {
			isa = PBXNativeTarget;
			buildConfigurationList = 4B3CB5B52F85D5780071C3DC /* Build configuration list for PBXNativeTarget "ios-spatial-wearable" */;
			buildPhases = (
				4B3CB5A62F85D5770071C3DC /* Sources */,
				4B3CB5A72F85D5770071C3DC /* Frameworks */,
				4B3CB5A82F85D5770071C3DC /* Resources */,
			);
			buildRules = (
			);
			dependencies = (
				4B572DE92F8DE190002AACE4 /* PBXTargetDependency */,
				4B572DEB2F8DE190002AACE4 /* PBXTargetDependency */,
				4B572DED2F8DE190002AACE4 /* PBXTargetDependency */,
				4B572DEF2F8DE190002AACE4 /* PBXTargetDependency */,
				4B572DDA2F8DE0BD002AACE4 /* PBXTargetDependency */,
				4B572DD82F8DE004002AACE4 /* PBXTargetDependency */,
			);
			fileSystemSynchronizedGroups = (
				4B3CB5AC2F85D5770071C3DC /* ios-spatial-wearable */,
			);
			name = "ios-spatial-wearable";
			packageProductDependencies = (
				4B572DDC2F8DE16F002AACE4 /* Auth */,
				4B572DDE2F8DE16F002AACE4 /* Functions */,
				4B572DE02F8DE16F002AACE4 /* PostgREST */,
				4B572DE22F8DE16F002AACE4 /* Realtime */,
				4B572DE42F8DE16F002AACE4 /* Storage */,
				4B572DE62F8DE16F002AACE4 /* Supabase */,
			);
			productName = "ios-spatial-wearable";
			productReference = 4B3CB5AA2F85D5770071C3DC /* ios-spatial-wearable.app */;
			productType = "com.apple.product-type.application";
		};
/* End PBXNativeTarget section */

/* Begin PBXProject section */
		4B3CB5A22F85D5770071C3DC /* Project object */ = {
			isa = PBXProject;
			attributes = {
				BuildIndependentTargetsInParallel = 1;
				LastSwiftUpdateCheck = 2620;
				LastUpgradeCheck = 2620;
				TargetAttributes = {
					4B3CB5A92F85D5770071C3DC = {
						CreatedOnToolsVersion = 26.2;
					};
				};
			};
			buildConfigurationList = 4B3CB5A52F85D5770071C3DC /* Build configuration list for PBXProject "ios-spatial-wearable" */;
			developmentRegion = en;
			hasScannedForEncodings = 0;
			knownRegions = (
				en,
				Base,
			);
			mainGroup = 4B3CB5A12F85D5770071C3DC;
			minimizedProjectReferenceProxies = 1;
			packageReferences = (
				4B572DD62F8DDF67002AACE4 /* XCRemoteSwiftPackageReference "supabase-swift" */,
			);
			preferredProjectObjectVersion = 77;
			productRefGroup = 4B3CB5AB2F85D5770071C3DC /* Products */;
			projectDirPath = "";
			projectRoot = "";
			targets = (
				4B3CB5A92F85D5770071C3DC /* ios-spatial-wearable */,
			);
		};
/* End PBXProject section */

/* Begin PBXResourcesBuildPhase section */
		4B3CB5A82F85D5770071C3DC /* Resources */ = {
			isa = PBXResourcesBuildPhase;
			buildActionMask = 2147483647;
			files = (
				4B572DF12F8DE403002AACE4 /* Config.xcconfig in Resources */,
			);
			runOnlyForDeploymentPostprocessing = 0;
		};
/* End PBXResourcesBuildPhase section */

/* Begin PBXSourcesBuildPhase section */
		4B3CB5A62F85D5770071C3DC /* Sources */ = {
			isa = PBXSourcesBuildPhase;
			buildActionMask = 2147483647;
			files = (
			);
			runOnlyForDeploymentPostprocessing = 0;
		};
/* End PBXSourcesBuildPhase section */

/* Begin PBXTargetDependency section */
		4B572DD82F8DE004002AACE4 /* PBXTargetDependency */ = {
			isa = PBXTargetDependency;
			productRef = 4B572DD72F8DE004002AACE4 /* Supabase */;
		};
		4B572DDA2F8DE0BD002AACE4 /* PBXTargetDependency */ = {
			isa = PBXTargetDependency;
			productRef = 4B572DD92F8DE0BD002AACE4 /* Auth */;
		};
		4B572DE92F8DE190002AACE4 /* PBXTargetDependency */ = {
			isa = PBXTargetDependency;
			productRef = 4B572DE82F8DE190002AACE4 /* Functions */;
		};
		4B572DEB2F8DE190002AACE4 /* PBXTargetDependency */ = {
			isa = PBXTargetDependency;
			productRef = 4B572DEA2F8DE190002AACE4 /* PostgREST */;
		};
		4B572DED2F8DE190002AACE4 /* PBXTargetDependency */ = {
			isa = PBXTargetDependency;
			productRef = 4B572DEC2F8DE190002AACE4 /* Realtime */;
		};
		4B572DEF2F8DE190002AACE4 /* PBXTargetDependency */ = {
			isa = PBXTargetDependency;
			productRef = 4B572DEE2F8DE190002AACE4 /* Storage */;
		};
/* End PBXTargetDependency section */

/* Begin XCBuildConfiguration section */
		4B3CB5B32F85D5780071C3DC /* Debug */ = {
			isa = XCBuildConfiguration;
			baseConfigurationReference = 4B572DF02F8DE403002AACE4 /* Config.xcconfig */;
			buildSettings = {
				ALWAYS_SEARCH_USER_PATHS = NO;
				ASSETCATALOG_COMPILER_GENERATE_SWIFT_ASSET_SYMBOL_EXTENSIONS = YES;
				CLANG_ANALYZER_NONNULL = YES;
				CLANG_ANALYZER_NUMBER_OBJECT_CONVERSION = YES_AGGRESSIVE;
				CLANG_CXX_LANGUAGE_STANDARD = "gnu++20";
				CLANG_ENABLE_MODULES = YES;
				CLANG_ENABLE_OBJC_ARC = YES;
				CLANG_ENABLE_OBJC_WEAK = YES;
				CLANG_WARN_BLOCK_CAPTURE_AUTORELEASING = YES;
				CLANG_WARN_BOOL_CONVERSION = YES;
				CLANG_WARN_COMMA = YES;
				CLANG_WARN_CONSTANT_CONVERSION = YES;
				CLANG_WARN_DEPRECATED_OBJC_IMPLEMENTATIONS = YES;
				CLANG_WARN_DIRECT_OBJC_ISA_USAGE = YES_ERROR;
				CLANG_WARN_DOCUMENTATION_COMMENTS = YES;
				CLANG_WARN_EMPTY_BODY = YES;
				CLANG_WARN_ENUM_CONVERSION = YES;
				CLANG_WARN_INFINITE_RECURSION = YES;
				CLANG_WARN_INT_CONVERSION = YES;
				CLANG_WARN_NON_LITERAL_NULL_CONVERSION = YES;
				CLANG_WARN_OBJC_IMPLICIT_RETAIN_SELF = YES;
				CLANG_WARN_OBJC_LITERAL_CONVERSION = YES;
				CLANG_WARN_OBJC_ROOT_CLASS = YES_ERROR;
				CLANG_WARN_QUOTED_INCLUDE_IN_FRAMEWORK_HEADER = YES;
				CLANG_WARN_RANGE_LOOP_ANALYSIS = YES;
				CLANG_WARN_STRICT_PROTOTYPES = YES;
				CLANG_WARN_SUSPICIOUS_MOVE = YES;
				CLANG_WARN_UNGUARDED_AVAILABILITY = YES_AGGRESSIVE;
				CLANG_WARN_UNREACHABLE_CODE = YES;
				CLANG_WARN__DUPLICATE_METHOD_MATCH = YES;
				COPY_PHASE_STRIP = NO;
				DEBUG_INFORMATION_FORMAT = dwarf;
				DEVELOPMENT_TEAM = K74GLH832Z;
				ENABLE_STRICT_OBJC_MSGSEND = YES;
				ENABLE_TESTABILITY = YES;
				ENABLE_USER_SCRIPT_SANDBOXING = YES;
				GCC_C_LANGUAGE_STANDARD = gnu17;
				GCC_DYNAMIC_NO_PIC = NO;
				GCC_NO_COMMON_BLOCKS = YES;
				GCC_OPTIMIZATION_LEVEL = 0;
				GCC_PREPROCESSOR_DEFINITIONS = (
					"DEBUG=1",
					"$(inherited)",
				);
				GCC_WARN_64_TO_32_BIT_CONVERSION = YES;
				GCC_WARN_ABOUT_RETURN_TYPE = YES_ERROR;
				GCC_WARN_UNDECLARED_SELECTOR = YES;
				GCC_WARN_UNINITIALIZED_AUTOS = YES_AGGRESSIVE;
				GCC_WARN_UNUSED_FUNCTION = YES;
				GCC_WARN_UNUSED_VARIABLE = YES;
				IPHONEOS_DEPLOYMENT_TARGET = 26.2;
				LOCALIZATION_PREFERS_STRING_CATALOGS = YES;
				MTL_ENABLE_DEBUG_INFO = INCLUDE_SOURCE;
				MTL_FAST_MATH = YES;
				ONLY_ACTIVE_ARCH = YES;
				SDKROOT = iphoneos;
				SWIFT_ACTIVE_COMPILATION_CONDITIONS = "DEBUG $(inherited)";
				SWIFT_OPTIMIZATION_LEVEL = "-Onone";
			};
			name = Debug;
		};
		4B3CB5B42F85D5780071C3DC /* Release */ = {
			isa = XCBuildConfiguration;
			baseConfigurationReference = 4B572DF02F8DE403002AACE4 /* Config.xcconfig */;
			buildSettings = {
				ALWAYS_SEARCH_USER_PATHS = NO;
				ASSETCATALOG_COMPILER_GENERATE_SWIFT_ASSET_SYMBOL_EXTENSIONS = YES;
				CLANG_ANALYZER_NONNULL = YES;
				CLANG_ANALYZER_NUMBER_OBJECT_CONVERSION = YES_AGGRESSIVE;
				CLANG_CXX_LANGUAGE_STANDARD = "gnu++20";
				CLANG_ENABLE_MODULES = YES;
				CLANG_ENABLE_OBJC_ARC = YES;
				CLANG_ENABLE_OBJC_WEAK = YES;
				CLANG_WARN_BLOCK_CAPTURE_AUTORELEASING = YES;
				CLANG_WARN_BOOL_CONVERSION = YES;
				CLANG_WARN_COMMA = YES;
				CLANG_WARN_CONSTANT_CONVERSION = YES;
				CLANG_WARN_DEPRECATED_OBJC_IMPLEMENTATIONS = YES;
				CLANG_WARN_DIRECT_OBJC_ISA_USAGE = YES_ERROR;
				CLANG_WARN_DOCUMENTATION_COMMENTS = YES;
				CLANG_WARN_EMPTY_BODY = YES;
				CLANG_WARN_ENUM_CONVERSION = YES;
				CLANG_WARN_INFINITE_RECURSION = YES;
				CLANG_WARN_INT_CONVERSION = YES;
				CLANG_WARN_NON_LITERAL_NULL_CONVERSION = YES;
				CLANG_WARN_OBJC_IMPLICIT_RETAIN_SELF = YES;
				CLANG_WARN_OBJC_LITERAL_CONVERSION = YES;
				CLANG_WARN_OBJC_ROOT_CLASS = YES_ERROR;
				CLANG_WARN_QUOTED_INCLUDE_IN_FRAMEWORK_HEADER = YES;
				CLANG_WARN_RANGE_LOOP_ANALYSIS = YES;
				CLANG_WARN_STRICT_PROTOTYPES = YES;
				CLANG_WARN_SUSPICIOUS_MOVE = YES;
				CLANG_WARN_UNGUARDED_AVAILABILITY = YES_AGGRESSIVE;
				CLANG_WARN_UNREACHABLE_CODE = YES;
				CLANG_WARN__DUPLICATE_METHOD_MATCH = YES;
				COPY_PHASE_STRIP = NO;
				DEBUG_INFORMATION_FORMAT = "dwarf-with-dsym";
				DEVELOPMENT_TEAM = K74GLH832Z;
				ENABLE_NS_ASSERTIONS = NO;
				ENABLE_STRICT_OBJC_MSGSEND = YES;
				ENABLE_USER_SCRIPT_SANDBOXING = YES;
				GCC_C_LANGUAGE_STANDARD = gnu17;
				GCC_NO_COMMON_BLOCKS = YES;
				GCC_WARN_64_TO_32_BIT_CONVERSION = YES;
				GCC_WARN_ABOUT_RETURN_TYPE = YES_ERROR;
				GCC_WARN_UNDECLARED_SELECTOR = YES;
				GCC_WARN_UNINITIALIZED_AUTOS = YES_AGGRESSIVE;
				GCC_WARN_UNUSED_FUNCTION = YES;
				GCC_WARN_UNUSED_VARIABLE = YES;
				IPHONEOS_DEPLOYMENT_TARGET = 26.2;
				LOCALIZATION_PREFERS_STRING_CATALOGS = YES;
				MTL_ENABLE_DEBUG_INFO = NO;
				MTL_FAST_MATH = YES;
				SDKROOT = iphoneos;
				SWIFT_COMPILATION_MODE = wholemodule;
				VALIDATE_PRODUCT = YES;
			};
			name = Release;
		};
		4B3CB5B62F85D5780071C3DC /* Debug */ = {
			isa = XCBuildConfiguration;
			baseConfigurationReference = 4B572DF02F8DE403002AACE4 /* Config.xcconfig */;
			buildSettings = {
				ASSETCATALOG_COMPILER_APPICON_NAME = AppIcon;
				ASSETCATALOG_COMPILER_GLOBAL_ACCENT_COLOR_NAME = AccentColor;
				CODE_SIGN_STYLE = Automatic;
				CURRENT_PROJECT_VERSION = 1;
				DEVELOPMENT_TEAM = K74GLH832Z;
				ENABLE_PREVIEWS = YES;
				GENERATE_INFOPLIST_FILE = YES;
				INFOPLIST_FILE = "ios-spatial-wearable/Info.plist";
				INFOPLIST_KEY_NSBluetoothAlwaysUsageDescription = "Spatial Wearable needs Bluetooth to connect to your ESP32 device and receive sensor data.";
				INFOPLIST_KEY_UIApplicationSceneManifest_Generation = YES;
				INFOPLIST_KEY_UIApplicationSupportsIndirectInputEvents = YES;
				INFOPLIST_KEY_UILaunchScreen_Generation = YES;
				INFOPLIST_KEY_UISupportedInterfaceOrientations_iPad = "UIInterfaceOrientationPortrait UIInterfaceOrientationPortraitUpsideDown UIInterfaceOrientationLandscapeLeft UIInterfaceOrientationLandscapeRight";
				INFOPLIST_KEY_UISupportedInterfaceOrientations_iPhone = "UIInterfaceOrientationPortrait UIInterfaceOrientationLandscapeLeft UIInterfaceOrientationLandscapeRight";
				LD_RUNPATH_SEARCH_PATHS = (
					"$(inherited)",
					"@executable_path/Frameworks",
				);
				MARKETING_VERSION = 1.0;
				PRODUCT_BUNDLE_IDENTIFIER = "iya.ios-spatial-wearable";
				PRODUCT_NAME = "$(TARGET_NAME)";
				STRING_CATALOG_GENERATE_SYMBOLS = YES;
				SWIFT_APPROACHABLE_CONCURRENCY = YES;
				SWIFT_DEFAULT_ACTOR_ISOLATION = MainActor;
				SWIFT_EMIT_LOC_STRINGS = YES;
				SWIFT_UPCOMING_FEATURE_MEMBER_IMPORT_VISIBILITY = YES;
				SWIFT_VERSION = 5.0;
				TARGETED_DEVICE_FAMILY = "1,2";
			};
			name = Debug;
		};
		4B3CB5B72F85D5780071C3DC /* Release */ = {
			isa = XCBuildConfiguration;
			baseConfigurationReference = 4B572DF02F8DE403002AACE4 /* Config.xcconfig */;
			buildSettings = {
				ASSETCATALOG_COMPILER_APPICON_NAME = AppIcon;
				ASSETCATALOG_COMPILER_GLOBAL_ACCENT_COLOR_NAME = AccentColor;
				CODE_SIGN_STYLE = Automatic;
				CURRENT_PROJECT_VERSION = 1;
				DEVELOPMENT_TEAM = K74GLH832Z;
				ENABLE_PREVIEWS = YES;
				GENERATE_INFOPLIST_FILE = YES;
				INFOPLIST_FILE = "ios-spatial-wearable/Info.plist";
				INFOPLIST_KEY_NSBluetoothAlwaysUsageDescription = "Spatial Wearable needs Bluetooth to connect to your ESP32 device and receive sensor data.";
				INFOPLIST_KEY_UIApplicationSceneManifest_Generation = YES;
				INFOPLIST_KEY_UIApplicationSupportsIndirectInputEvents = YES;
				INFOPLIST_KEY_UILaunchScreen_Generation = YES;
				INFOPLIST_KEY_UISupportedInterfaceOrientations_iPad = "UIInterfaceOrientationPortrait UIInterfaceOrientationPortraitUpsideDown UIInterfaceOrientationLandscapeLeft UIInterfaceOrientationLandscapeRight";
				INFOPLIST_KEY_UISupportedInterfaceOrientations_iPhone = "UIInterfaceOrientationPortrait UIInterfaceOrientationLandscapeLeft UIInterfaceOrientationLandscapeRight";
				LD_RUNPATH_SEARCH_PATHS = (
					"$(inherited)",
					"@executable_path/Frameworks",
				);
				MARKETING_VERSION = 1.0;
				PRODUCT_BUNDLE_IDENTIFIER = "iya.ios-spatial-wearable";
				PRODUCT_NAME = "$(TARGET_NAME)";
				STRING_CATALOG_GENERATE_SYMBOLS = YES;
				SWIFT_APPROACHABLE_CONCURRENCY = YES;
				SWIFT_DEFAULT_ACTOR_ISOLATION = MainActor;
				SWIFT_EMIT_LOC_STRINGS = YES;
				SWIFT_UPCOMING_FEATURE_MEMBER_IMPORT_VISIBILITY = YES;
				SWIFT_VERSION = 5.0;
				TARGETED_DEVICE_FAMILY = "1,2";
			};
			name = Release;
		};
/* End XCBuildConfiguration section */

/* Begin XCConfigurationList section */
		4B3CB5A52F85D5770071C3DC /* Build configuration list for PBXProject "ios-spatial-wearable" */ = {
			isa = XCConfigurationList;
			buildConfigurations = (
				4B3CB5B32F85D5780071C3DC /* Debug */,
				4B3CB5B42F85D5780071C3DC /* Release */,
			);
			defaultConfigurationIsVisible = 0;
			defaultConfigurationName = Release;
		};
		4B3CB5B52F85D5780071C3DC /* Build configuration list for PBXNativeTarget "ios-spatial-wearable" */ = {
			isa = XCConfigurationList;
			buildConfigurations = (
				4B3CB5B62F85D5780071C3DC /* Debug */,
				4B3CB5B72F85D5780071C3DC /* Release */,
			);
			defaultConfigurationIsVisible = 0;
			defaultConfigurationName = Release;
		};
/* End XCConfigurationList section */

/* Begin XCRemoteSwiftPackageReference section */
		4B572DD62F8DDF67002AACE4 /* XCRemoteSwiftPackageReference "supabase-swift" */ = {
			isa = XCRemoteSwiftPackageReference;
			repositoryURL = "https://github.com/supabase/supabase-swift";
			requirement = {
				kind = upToNextMajorVersion;
				minimumVersion = 2.5.1;
			};
		};
/* End XCRemoteSwiftPackageReference section */

/* Begin XCSwiftPackageProductDependency section */
		4B572DD72F8DE004002AACE4 /* Supabase */ = {
			isa = XCSwiftPackageProductDependency;
			package = 4B572DD62F8DDF67002AACE4 /* XCRemoteSwiftPackageReference "supabase-swift" */;
			productName = Supabase;
		};
		4B572DD92F8DE0BD002AACE4 /* Auth */ = {
			isa = XCSwiftPackageProductDependency;
			package = 4B572DD62F8DDF67002AACE4 /* XCRemoteSwiftPackageReference "supabase-swift" */;
			productName = Auth;
		};
		4B572DDC2F8DE16F002AACE4 /* Auth */ = {
			isa = XCSwiftPackageProductDependency;
			package = 4B572DD62F8DDF67002AACE4 /* XCRemoteSwiftPackageReference "supabase-swift" */;
			productName = Auth;
		};
		4B572DDE2F8DE16F002AACE4 /* Functions */ = {
			isa = XCSwiftPackageProductDependency;
			package = 4B572DD62F8DDF67002AACE4 /* XCRemoteSwiftPackageReference "supabase-swift" */;
			productName = Functions;
		};
		4B572DE02F8DE16F002AACE4 /* PostgREST */ = {
			isa = XCSwiftPackageProductDependency;
			package = 4B572DD62F8DDF67002AACE4 /* XCRemoteSwiftPackageReference "supabase-swift" */;
			productName = PostgREST;
		};
		4B572DE22F8DE16F002AACE4 /* Realtime */ = {
			isa = XCSwiftPackageProductDependency;
			package = 4B572DD62F8DDF67002AACE4 /* XCRemoteSwiftPackageReference "supabase-swift" */;
			productName = Realtime;
		};
		4B572DE42F8DE16F002AACE4 /* Storage */ = {
			isa = XCSwiftPackageProductDependency;
			package = 4B572DD62F8DDF67002AACE4 /* XCRemoteSwiftPackageReference "supabase-swift" */;
			productName = Storage;
		};
		4B572DE62F8DE16F002AACE4 /* Supabase */ = {
			isa = XCSwiftPackageProductDependency;
			package = 4B572DD62F8DDF67002AACE4 /* XCRemoteSwiftPackageReference "supabase-swift" */;
			productName = Supabase;
		};
		4B572DE82F8DE190002AACE4 /* Functions */ = {
			isa = XCSwiftPackageProductDependency;
			package = 4B572DD62F8DDF67002AACE4 /* XCRemoteSwiftPackageReference "supabase-swift" */;
			productName = Functions;
		};
		4B572DEA2F8DE190002AACE4 /* PostgREST */ = {
			isa = XCSwiftPackageProductDependency;
			package = 4B572DD62F8DDF67002AACE4 /* XCRemoteSwiftPackageReference "supabase-swift" */;
			productName = PostgREST;
		};
		4B572DEC2F8DE190002AACE4 /* Realtime */ = {
			isa = XCSwiftPackageProductDependency;
			package = 4B572DD62F8DDF67002AACE4 /* XCRemoteSwiftPackageReference "supabase-swift" */;
			productName = Realtime;
		};
		4B572DEE2F8DE190002AACE4 /* Storage */ = {
			isa = XCSwiftPackageProductDependency;
			package = 4B572DD62F8DDF67002AACE4 /* XCRemoteSwiftPackageReference "supabase-swift" */;
			productName = Storage;
		};
/* End XCSwiftPackageProductDependency section */
	};
	rootObject = 4B3CB5A22F85D5770071C3DC /* Project object */;
}
